// !$*UTF8*$!
{
	archiveVersion = 1;
	classes = {
	};
	objectVersion = 56;
	objects = {

/* Begin PBXBuildFile section */
		787467FF2A128BA300A3BC2A /* GLUT.framework in Frameworks */ = {isa = PBXBuildFile; fileRef = 787467FE2A128BA300A3BC2A /* GLUT.framework */; };
		787468062A128F0100A3BC2A /* libGLEW.2.2.0.dylib in Frameworks */ = {isa = PBXBuildFile; fileRef = 787468052A128F0100A3BC2A /* libGLEW.2.2.0.dylib */; };
		7892C6452A15B82100DD02BA /* Log.cpp in Sources */ = {isa = PBXBuildFile; fileRef = 7892C6442A15B82100DD02BA /* Log.cpp */; };
		7892C6472A15C12500DD02BA /* Logger.cpp in Sources */ = {isa = PBXBuildFile; fileRef = 7892C6462A15C12500DD02BA /* Logger.cpp */; };
		78DA2F002A18D87900BA6753 /* Window.cpp in Sources */ = {isa = PBXBuildFile; fileRef = 78DA2EFE2A18D87900BA6753 /* Window.cpp */; };
		78F6CF362A1004AE007D706F /* OpenGL.framework in Frameworks */ = {isa = PBXBuildFile; fileRef = 78F6CF352A1004AD007D706F /* OpenGL.framework */; };
		78F6CF382A1004FE007D706F /* libglfw.3.3.dylib in Frameworks */ = {isa = PBXBuildFile; fileRef = 78F6CF372A1004FE007D706F /* libglfw.3.3.dylib */; };
		78F6CF452A10373A007D706F /* main.cpp in Sources */ = {isa = PBXBuildFile; fileRef = 78F6CF432A10373A007D706F /* main.cpp */; };
/* End PBXBuildFile section */

/* Begin PBXCopyFilesBuildPhase section */
		78F6CF282A0FFDF3007D706F /* CopyFiles */ = {
			isa = PBXCopyFilesBuildPhase;
			buildActionMask = 2147483647;
			dstPath = /usr/share/man/man1/;
			dstSubfolderSpec = 0;
			files = (
			);
			runOnlyForDeploymentPostprocessing = 1;
		};
/* End PBXCopyFilesBuildPhase section */

/* Begin PBXFileReference section */
		787467FE2A128BA300A3BC2A /* GLUT.framework */ = {isa = PBXFileReference; lastKnownFileType = wrapper.framework; name = GLUT.framework; path = System/Library/Frameworks/GLUT.framework; sourceTree = SDKROOT; };
		787468052A128F0100A3BC2A /* libGLEW.2.2.0.dylib */ = {isa = PBXFileReference; lastKnownFileType = "compiled.mach-o.dylib"; name = libGLEW.2.2.0.dylib; path = ../../../../../opt/homebrew/Cellar/glew/2.2.0_1/lib/libGLEW.2.2.0.dylib; sourceTree = "<group>"; };
		7892C63E2A15A3D000DD02BA /* Logger.hpp */ = {isa = PBXFileReference; lastKnownFileType = sourcecode.cpp.h; path = Logger.hpp; sourceTree = "<group>"; };
		7892C6412A15B42B00DD02BA /* Log.hpp */ = {isa = PBXFileReference; lastKnownFileType = sourcecode.cpp.h; path = Log.hpp; sourceTree = "<group>"; };
		7892C6442A15B82100DD02BA /* Log.cpp */ = {isa = PBXFileReference; lastKnownFileType = sourcecode.cpp.cpp; path = Log.cpp; sourceTree = "<group>"; };
		7892C6462A15C12500DD02BA /* Logger.cpp */ = {isa = PBXFileReference; lastKnownFileType = sourcecode.cpp.cpp; path = Logger.cpp; sourceTree = "<group>"; };
		78DA2EFE2A18D87900BA6753 /* Window.cpp */ = {isa = PBXFileReference; lastKnownFileType = sourcecode.cpp.cpp; path = Window.cpp; sourceTree = "<group>"; };
		78DA2EFF2A18D87900BA6753 /* Window.hpp */ = {isa = PBXFileReference; lastKnownFileType = sourcecode.cpp.h; path = Window.hpp; sourceTree = "<group>"; };
		78F6CF2A2A0FFDF3007D706F /* OkulaR */ = {isa = PBXFileReference; explicitFileType = "compiled.mach-o.executable"; includeInIndex = 0; path = OkulaR; sourceTree = BUILT_PRODUCTS_DIR; };
		78F6CF352A1004AD007D706F /* OpenGL.framework */ = {isa = PBXFileReference; lastKnownFileType = wrapper.framework; name = OpenGL.framework; path = System/Library/Frameworks/OpenGL.framework; sourceTree = SDKROOT; };
		78F6CF372A1004FE007D706F /* libglfw.3.3.dylib */ = {isa = PBXFileReference; lastKnownFileType = "compiled.mach-o.dylib"; name = libglfw.3.3.dylib; path = ../../../../../opt/homebrew/Cellar/glfw/3.3.8/lib/libglfw.3.3.dylib; sourceTree = "<group>"; };
		78F6CF432A10373A007D706F /* main.cpp */ = {isa = PBXFileReference; lastKnownFileType = sourcecode.cpp.cpp; path = main.cpp; sourceTree = "<group>"; };
/* End PBXFileReference section */

/* Begin PBXFrameworksBuildPhase section */
		78F6CF272A0FFDF3007D706F /* Frameworks */ = {
			isa = PBXFrameworksBuildPhase;
			buildActionMask = 2147483647;
			files = (
				787468062A128F0100A3BC2A /* libGLEW.2.2.0.dylib in Frameworks */,
				787467FF2A128BA300A3BC2A /* GLUT.framework in Frameworks */,
				78F6CF382A1004FE007D706F /* libglfw.3.3.dylib in Frameworks */,
				78F6CF362A1004AE007D706F /* OpenGL.framework in Frameworks */,
			);
			runOnlyForDeploymentPostprocessing = 0;
		};
/* End PBXFrameworksBuildPhase section */

/* Begin PBXGroup section */
		7890F7312A199E6000ACC3EB /* Log */ = {
			isa = PBXGroup;
			children = (
				7892C6412A15B42B00DD02BA /* Log.hpp */,
				7892C6442A15B82100DD02BA /* Log.cpp */,
			);
			path = Log;
			sourceTree = "<group>";
		};
		7892C6432A15B44400DD02BA /* Logger */ = {
			isa = PBXGroup;
			children = (
				7890F7312A199E6000ACC3EB /* Log */,
				7892C63E2A15A3D000DD02BA /* Logger.hpp */,
				7892C6462A15C12500DD02BA /* Logger.cpp */,
			);
			path = Logger;
			sourceTree = "<group>";
		};
		78DA2EFD2A18D86900BA6753 /* Window */ = {
			isa = PBXGroup;
			children = (
				78DA2EFE2A18D87900BA6753 /* Window.cpp */,
				78DA2EFF2A18D87900BA6753 /* Window.hpp */,
			);
			path = Window;
			sourceTree = "<group>";
		};
		78F6CF212A0FFDF3007D706F = {
			isa = PBXGroup;
			children = (
				78F6CF2C2A0FFDF3007D706F /* OkulaR */,
				78F6CF2B2A0FFDF3007D706F /* Products */,
				78F6CF342A1004AD007D706F /* Frameworks */,
			);
			sourceTree = "<group>";
		};
		78F6CF2B2A0FFDF3007D706F /* Products */ = {
			isa = PBXGroup;
			children = (
				78F6CF2A2A0FFDF3007D706F /* OkulaR */,
			);
			name = Products;
			sourceTree = "<group>";
		};
		78F6CF2C2A0FFDF3007D706F /* OkulaR */ = {
			isa = PBXGroup;
			children = (
				78DA2EFD2A18D86900BA6753 /* Window */,
				7892C6432A15B44400DD02BA /* Logger */,
				78F6CF432A10373A007D706F /* main.cpp */,
			);
			path = OkulaR;
			sourceTree = "<group>";
		};
		78F6CF342A1004AD007D706F /* Frameworks */ = {
			isa = PBXGroup;
			children = (
				787468052A128F0100A3BC2A /* libGLEW.2.2.0.dylib */,
				787467FE2A128BA300A3BC2A /* GLUT.framework */,
				78F6CF372A1004FE007D706F /* libglfw.3.3.dylib */,
				78F6CF352A1004AD007D706F /* OpenGL.framework */,
			);
			name = Frameworks;
			sourceTree = "<group>";
		};
/* End PBXGroup section */

/* Begin PBXNativeTarget section */
		78F6CF292A0FFDF3007D706F /* OkulaR */ = {
			isa = PBXNativeTarget;
			buildConfigurationList = 78F6CF312A0FFDF3007D706F /* Build configuration list for PBXNativeTarget "OkulaR" */;
			buildPhases = (
				78F6CF262A0FFDF3007D706F /* Sources */,
				78F6CF272A0FFDF3007D706F /* Frameworks */,
				78F6CF282A0FFDF3007D706F /* CopyFiles */,
			);
			buildRules = (
			);
			dependencies = (
			);
			name = OkulaR;
			productName = OkulaR;
			productReference = 78F6CF2A2A0FFDF3007D706F /* OkulaR */;
			productType = "com.apple.product-type.tool";
		};
/* End PBXNativeTarget section */

/* Begin PBXProject section */
		78F6CF222A0FFDF3007D706F /* Project object */ = {
			isa = PBXProject;
			attributes = {
				BuildIndependentTargetsInParallel = 1;
				LastUpgradeCheck = 1430;
				TargetAttributes = {
					78F6CF292A0FFDF3007D706F = {
						CreatedOnToolsVersion = 14.3;
					};
				};
			};
			buildConfigurationList = 78F6CF252A0FFDF3007D706F /* Build configuration list for PBXProject "OkulaR" */;
			compatibilityVersion = "Xcode 14.0";
			developmentRegion = en;
			hasScannedForEncodings = 0;
			knownRegions = (
				en,
				Base,
			);
			mainGroup = 78F6CF212A0FFDF3007D706F;
			productRefGroup = 78F6CF2B2A0FFDF3007D706F /* Products */;
			projectDirPath = "";
			projectRoot = "";
			targets = (
				78F6CF292A0FFDF3007D706F /* OkulaR */,
			);
		};
/* End PBXProject section */

/* Begin PBXSourcesBuildPhase section */
		78F6CF262A0FFDF3007D706F /* Sources */ = {
			isa = PBXSourcesBuildPhase;
			buildActionMask = 2147483647;
			files = (
				7892C6452A15B82100DD02BA /* Log.cpp in Sources */,
				7892C6472A15C12500DD02BA /* Logger.cpp in Sources */,
				78F6CF452A10373A007D706F /* main.cpp in Sources */,
				78DA2F002A18D87900BA6753 /* Window.cpp in Sources */,
			);
			runOnlyForDeploymentPostprocessing = 0;
		};
/* End PBXSourcesBuildPhase section */

/* Begin XCBuildConfiguration section */
		78F6CF2F2A0FFDF3007D706F /* Debug */ = {
			isa = XCBuildConfiguration;
			buildSettings = {
				ALWAYS_SEARCH_USER_PATHS = NO;
				CLANG_ANALYZER_NONNULL = YES;
				CLANG_ANALYZER_NUMBER_OBJECT_CONVERSION = YES_AGGRESSIVE;
				CLANG_CXX_LANGUAGE_STANDARD = "gnu++20";
				CLANG_ENABLE_MODULES = YES;
				CLANG_ENABLE_OBJC_ARC = YES;
				CLANG_ENABLE_OBJC_WEAK = YES;
				CLANG_WARN_BLOCK_CAPTURE_AUTORELEASING = YES;
				CLANG_WARN_BOOL_CONVERSION = YES;
				CLANG_WARN_COMMA = YES;
				CLANG_WARN_CONSTANT_CONVERSION = YES;
				CLANG_WARN_DEPRECATED_OBJC_IMPLEMENTATIONS = YES;
				CLANG_WARN_DIRECT_OBJC_ISA_USAGE = YES_ERROR;
				CLANG_WARN_DOCUMENTATION_COMMENTS = YES;
				CLANG_WARN_EMPTY_BODY = YES;
				CLANG_WARN_ENUM_CONVERSION = YES;
				CLANG_WARN_INFINITE_RECURSION = YES;
				CLANG_WARN_INT_CONVERSION = YES;
				CLANG_WARN_NON_LITERAL_NULL_CONVERSION = YES;
				CLANG_WARN_OBJC_IMPLICIT_RETAIN_SELF = YES;
				CLANG_WARN_OBJC_LITERAL_CONVERSION = YES;
				CLANG_WARN_OBJC_ROOT_CLASS = YES_ERROR;
				CLANG_WARN_QUOTED_INCLUDE_IN_FRAMEWORK_HEADER = YES;
				CLANG_WARN_RANGE_LOOP_ANALYSIS = YES;
				CLANG_WARN_STRICT_PROTOTYPES = YES;
				CLANG_WARN_SUSPICIOUS_MOVE = YES;
				CLANG_WARN_UNGUARDED_AVAILABILITY = YES_AGGRESSIVE;
				CLANG_WARN_UNREACHABLE_CODE = YES;
				CLANG_WARN__DUPLICATE_METHOD_MATCH = YES;
				COPY_PHASE_STRIP = NO;
				DEBUG_INFORMATION_FORMAT = dwarf;
				ENABLE_STRICT_OBJC_MSGSEND = YES;
				ENABLE_TESTABILITY = YES;
				GCC_C_LANGUAGE_STANDARD = gnu11;
				GCC_DYNAMIC_NO_PIC = NO;
				GCC_NO_COMMON_BLOCKS = YES;
				GCC_OPTIMIZATION_LEVEL = 0;
				GCC_PREPROCESSOR_DEFINITIONS = (
					"DEBUG=1",
					"$(inherited)",
				);
				GCC_WARN_64_TO_32_BIT_CONVERSION = YES;
				GCC_WARN_ABOUT_RETURN_TYPE = YES_ERROR;
				GCC_WARN_UNDECLARED_SELECTOR = YES;
				GCC_WARN_UNINITIALIZED_AUTOS = YES_AGGRESSIVE;
				GCC_WARN_UNUSED_FUNCTION = YES;
				GCC_WARN_UNUSED_VARIABLE = YES;
				MACOSX_DEPLOYMENT_TARGET = 13.3;
				MTL_ENABLE_DEBUG_INFO = INCLUDE_SOURCE;
				MTL_FAST_MATH = YES;
				ONLY_ACTIVE_ARCH = YES;
				SDKROOT = macosx;
			};
			name = Debug;
		};
		78F6CF302A0FFDF3007D706F /* Release */ = {
			isa = XCBuildConfiguration;
			buildSettings = {
				ALWAYS_SEARCH_USER_PATHS = NO;
				CLANG_ANALYZER_NONNULL = YES;
				CLANG_ANALYZER_NUMBER_OBJECT_CONVERSION = YES_AGGRESSIVE;
				CLANG_CXX_LANGUAGE_STANDARD = "gnu++20";
				CLANG_ENABLE_MODULES = YES;
				CLANG_ENABLE_OBJC_ARC = YES;
				CLANG_ENABLE_OBJC_WEAK = YES;
				CLANG_WARN_BLOCK_CAPTURE_AUTORELEASING = YES;
				CLANG_WARN_BOOL_CONVERSION = YES;
				CLANG_WARN_COMMA = YES;
				CLANG_WARN_CONSTANT_CONVERSION = YES;
				CLANG_WARN_DEPRECATED_OBJC_IMPLEMENTATIONS = YES;
				CLANG_WARN_DIRECT_OBJC_ISA_USAGE = YES_ERROR;
				CLANG_WARN_DOCUMENTATION_COMMENTS = YES;
				CLANG_WARN_EMPTY_BODY = YES;
				CLANG_WARN_ENUM_CONVERSION = YES;
				CLANG_WARN_INFINITE_RECURSION = YES;
				CLANG_WARN_INT_CONVERSION = YES;
				CLANG_WARN_NON_LITERAL_NULL_CONVERSION = YES;
				CLANG_WARN_OBJC_IMPLICIT_RETAIN_SELF = YES;
				CLANG_WARN_OBJC_LITERAL_CONVERSION = YES;
				CLANG_WARN_OBJC_ROOT_CLASS = YES_ERROR;
				CLANG_WARN_QUOTED_INCLUDE_IN_FRAMEWORK_HEADER = YES;
				CLANG_WARN_RANGE_LOOP_ANALYSIS = YES;
				CLANG_WARN_STRICT_PROTOTYPES = YES;
				CLANG_WARN_SUSPICIOUS_MOVE = YES;
				CLANG_WARN_UNGUARDED_AVAILABILITY = YES_AGGRESSIVE;
				CLANG_WARN_UNREACHABLE_CODE = YES;
				CLANG_WARN__DUPLICATE_METHOD_MATCH = YES;
				COPY_PHASE_STRIP = NO;
				DEBUG_INFORMATION_FORMAT = "dwarf-with-dsym";
				ENABLE_NS_ASSERTIONS = NO;
				ENABLE_STRICT_OBJC_MSGSEND = YES;
				GCC_C_LANGUAGE_STANDARD = gnu11;
				GCC_NO_COMMON_BLOCKS = YES;
				GCC_WARN_64_TO_32_BIT_CONVERSION = YES;
				GCC_WARN_ABOUT_RETURN_TYPE = YES_ERROR;
				GCC_WARN_UNDECLARED_SELECTOR = YES;
				GCC_WARN_UNINITIALIZED_AUTOS = YES_AGGRESSIVE;
				GCC_WARN_UNUSED_FUNCTION = YES;
				GCC_WARN_UNUSED_VARIABLE = YES;
				MACOSX_DEPLOYMENT_TARGET = 13.3;
				MTL_ENABLE_DEBUG_INFO = NO;
				MTL_FAST_MATH = YES;
				SDKROOT = macosx;
			};
			name = Release;
		};
		78F6CF322A0FFDF3007D706F /* Debug */ = {
			isa = XCBuildConfiguration;
			buildSettings = {
				CODE_SIGNING_ALLOWED = NO;
				CODE_SIGN_IDENTITY = "";
				CODE_SIGN_STYLE = Automatic;
				DEVELOPMENT_TEAM = S67RG9Z63S;
				ENABLE_HARDENED_RUNTIME = YES;
				FRAMEWORK_SEARCH_PATHS = "";
				HEADER_SEARCH_PATHS = (
					/opt/homebrew/Cellar/glfw/3.3.8/include,
					/opt/homebrew/Cellar/glad/include,
					/opt/homebrew/Cellar/glew/2.2.0_1/include,
				);
				INFOPLIST_PREPROCESSOR_DEFINITIONS = "";
				LIBRARY_SEARCH_PATHS = (
					/opt/homebrew/Cellar/glfw/3.3.8/lib,
					/opt/homebrew/Cellar/glad/src/,
					/opt/homebrew/Cellar/glew/2.2.0_1/lib,
				);
				PRODUCT_NAME = "$(TARGET_NAME)";
			};
			name = Debug;
		};
		78F6CF332A0FFDF3007D706F /* Release */ = {
			isa = XCBuildConfiguration;
			buildSettings = {
				CODE_SIGNING_ALLOWED = NO;
				CODE_SIGN_IDENTITY = "";
				CODE_SIGN_STYLE = Automatic;
				DEVELOPMENT_TEAM = S67RG9Z63S;
				ENABLE_HARDENED_RUNTIME = YES;
				FRAMEWORK_SEARCH_PATHS = "";
				HEADER_SEARCH_PATHS = (
					/opt/homebrew/Cellar/glfw/3.3.8/include,
					/opt/homebrew/Cellar/glad/include,
					/opt/homebrew/Cellar/glew/2.2.0_1/include,
				);
				INFOPLIST_PREPROCESSOR_DEFINITIONS = "";
				LIBRARY_SEARCH_PATHS = (
					/opt/homebrew/Cellar/glfw/3.3.8/lib,
					/opt/homebrew/Cellar/glad/src/,
					/opt/homebrew/Cellar/glew/2.2.0_1/lib,
				);
				PRODUCT_NAME = "$(TARGET_NAME)";
			};
			name = Release;
		};
/* End XCBuildConfiguration section */

/* Begin XCConfigurationList section */
		78F6CF252A0FFDF3007D706F /* Build configuration list for PBXProject "OkulaR" */ = {
			isa = XCConfigurationList;
			buildConfigurations = (
				78F6CF2F2A0FFDF3007D706F /* Debug */,
				78F6CF302A0FFDF3007D706F /* Release */,
			);
			defaultConfigurationIsVisible = 0;
			defaultConfigurationName = Release;
		};
		78F6CF312A0FFDF3007D706F /* Build configuration list for PBXNativeTarget "OkulaR" */ = {
			isa = XCConfigurationList;
			buildConfigurations = (
				78F6CF322A0FFDF3007D706F /* Debug */,
				78F6CF332A0FFDF3007D706F /* Release */,
			);
			defaultConfigurationIsVisible = 0;
			defaultConfigurationName = Release;
		};
/* End XCConfigurationList section */
	};
	rootObject = 78F6CF222A0FFDF3007D706F /* Project object */;
}
